
Microsoft Visual Studio Solution File, Format Version 12.00
# Visual Studio Version 16
VisualStudioVersion = 16.0.30406.217
MinimumVisualStudioVersion = 10.0.40219.1
Project("{9A19103F-16F7-4668-BE54-9A1E7A4F7556}") = "TestingBDDSpecFlowSelenium", "TestingBDDSpecFlowSelenium.csproj", "{4887E148-AD7D-4D37-A68A-D689F9EC9F66}"
EndProject
Global
	GlobalSection(SolutionConfigurationPlatforms) = preSolution
		Debug|Any CPU = Debug|Any CPU
		Release|Any CPU = Release|Any CPU
	EndGlobalSection
	GlobalSection(ProjectConfigurationPlatforms) = postSolution
		{4887E148-AD7D-4D37-A68A-D689F9EC9F66}.Debug|Any CPU.ActiveCfg = Debug|Any CPU
		{4887E148-AD7D-4D37-A68A-D689F9EC9F66}.Debug|Any CPU.Build.0 = Debug|Any CPU
		{4887E148-AD7D-4D37-A68A-D689F9EC9F66}.Release|Any CPU.ActiveCfg = Release|Any CPU
		{4887E148-AD7D-4D37-A68A-D689F9EC9F66}.Release|Any CPU.Build.0 = Release|Any CPU
	EndGlobalSection
	GlobalSection(SolutionProperties) = preSolution
		HideSolutionNode = FALSE
	EndGlobalSection
	GlobalSection(ExtensibilityGlobals) = postSolution
		SolutionGuid = {E386D687-AFB1-4460-B26C-A10D582D24E0}
	EndGlobalSection
EndGlobal
